
Microsoft Visual Studio Solution File, Format Version 12.00
# Visual Studio Version 17
VisualStudioVersion = 17.2.32630.192
MinimumVisualStudioVersion = 10.0.40219.1
Project("{FAE04EC0-301F-11D3-BF4B-00C04F79EFBC}") = "NetworkDiagnostic", "NetworkDiagnostic\NetworkDiagnostic.csproj", "{EFF43EB3-67B9-4CD5-A3B0-B01045CD58A3}"
EndProject
Global
	GlobalSection(SolutionConfigurationPlatforms) = preSolution
		Debug|Any CPU = Debug|Any CPU
		Release|Any CPU = Release|Any CPU
	EndGlobalSection
	GlobalSection(ProjectConfigurationPlatforms) = postSolution
		{EFF43EB3-67B9-4CD5-A3B0-B01045CD58A3}.Debug|Any CPU.ActiveCfg = Debug|Any CPU
		{EFF43EB3-67B9-4CD5-A3B0-B01045CD58A3}.Debug|Any CPU.Build.0 = Debug|Any CPU
		{EFF43EB3-67B9-4CD5-A3B0-B01045CD58A3}.Release|Any CPU.ActiveCfg = Release|Any CPU
		{EFF43EB3-67B9-4CD5-A3B0-B01045CD58A3}.Release|Any CPU.Build.0 = Release|Any CPU
	EndGlobalSection
	GlobalSection(SolutionProperties) = preSolution
		HideSolutionNode = FALSE
	EndGlobalSection
	GlobalSection(ExtensibilityGlobals) = postSolution
		SolutionGuid = {4F7A5909-E47A-4819-9EBF-166F59C10444}
	EndGlobalSection
EndGlobal
